
Microsoft Visual Studio Solution File, Format Version 12.00
# Visual Studio Version 17
VisualStudioVersion = 17.7.34003.232
MinimumVisualStudioVersion = 10.0.40219.1
Project("{FAE04EC0-301F-11D3-BF4B-00C04F79EFBC}") = "TTIProject.Server", "TTIProject\Server\TTIProject.Server.csproj", "{D4776FB2-4683-4FEC-BD83-5F3E7E900829}"
EndProject
Project("{FAE04EC0-301F-11D3-BF4B-00C04F79EFBC}") = "TTIProject.Client", "TTIProject\Client\TTIProject.Client.csproj", "{FB8EA43E-2793-489A-86DC-28E2354E9B96}"
EndProject
Project("{FAE04EC0-301F-11D3-BF4B-00C04F79EFBC}") = "TTIProject.Shared", "TTIProject\Shared\TTIProject.Shared.csproj", "{74D1AE5D-D254-4675-B6F9-CCBE59A17C84}"
EndProject
Global
	GlobalSection(SolutionConfigurationPlatforms) = preSolution
		Debug|Any CPU = Debug|Any CPU
		Release|Any CPU = Release|Any CPU
	EndGlobalSection
	GlobalSection(ProjectConfigurationPlatforms) = postSolution
		{D4776FB2-4683-4FEC-BD83-5F3E7E900829}.Debug|Any CPU.ActiveCfg = Debug|Any CPU
		{D4776FB2-4683-4FEC-BD83-5F3E7E900829}.Debug|Any CPU.Build.0 = Debug|Any CPU
		{D4776FB2-4683-4FEC-BD83-5F3E7E900829}.Release|Any CPU.ActiveCfg = Release|Any CPU
		{D4776FB2-4683-4FEC-BD83-5F3E7E900829}.Release|Any CPU.Build.0 = Release|Any CPU
		{FB8EA43E-2793-489A-86DC-28E2354E9B96}.Debug|Any CPU.ActiveCfg = Debug|Any CPU
		{FB8EA43E-2793-489A-86DC-28E2354E9B96}.Debug|Any CPU.Build.0 = Debug|Any CPU
		{FB8EA43E-2793-489A-86DC-28E2354E9B96}.Release|Any CPU.ActiveCfg = Release|Any CPU
		{FB8EA43E-2793-489A-86DC-28E2354E9B96}.Release|Any CPU.Build.0 = Release|Any CPU
		{74D1AE5D-D254-4675-B6F9-CCBE59A17C84}.Debug|Any CPU.ActiveCfg = Debug|Any CPU
		{74D1AE5D-D254-4675-B6F9-CCBE59A17C84}.Debug|Any CPU.Build.0 = Debug|Any CPU
		{74D1AE5D-D254-4675-B6F9-CCBE59A17C84}.Release|Any CPU.ActiveCfg = Release|Any CPU
		{74D1AE5D-D254-4675-B6F9-CCBE59A17C84}.Release|Any CPU.Build.0 = Release|Any CPU
	EndGlobalSection
	GlobalSection(SolutionProperties) = preSolution
		HideSolutionNode = FALSE
	EndGlobalSection
	GlobalSection(ExtensibilityGlobals) = postSolution
		SolutionGuid = {C1304A7F-8313-45CD-BAB9-F6BA60C2F5AC}
	EndGlobalSection
EndGlobal
